{
  "name": "highs-solver-addon",
  "version": "0.1.5",
  "lockfileVersion": 3,
  "requires": true,
  "packages": {
    "": {
      "name": "highs-solver-addon",
      "version": "0.1.5",
      "hasInstallScript": true,
      "license": "Apache-2.0",
      "dependencies": {
        "cmake-js": "^7.1.1",
        "node-addon-api": "^5.1.0",
        "pkg-prebuilds": "^0.1.0"
      },
      "devDependencies": {
        "tempy": "^3.0.0"
      },
      "engines": {
        "node": ">=16"
      }
    },
    "../../node_modules/.pnpm/cmake-js@7.1.1/node_modules/cmake-js": {
      "version": "7.1.1",
      "license": "MIT",
      "dependencies": {
        "axios": "^0.27.2",
        "debug": "^4",
        "fs-extra": "^10.1.0",
        "lodash.isplainobject": "^4.0.6",
        "memory-stream": "^1.0.0",
        "node-api-headers": "^0.0.1",
        "npmlog": "^6.0.2",
        "rc": "^1.2.7",
        "semver": "^7.3.8",
        "tar": "^6.1.11",
        "url-join": "^4.0.1",
        "which": "^2.0.2",
        "yargs": "^17.6.0"
      },
      "bin": {
        "cmake-js": "bin/cmake-js"
      },
      "devDependencies": {
        "mocha": "*",
        "nan": "^2.16.0",
        "node-addon-api": "^5.0.0"
      },
      "engines": {
        "node": ">= 14.15.0"
      }
    },
    "../../node_modules/.pnpm/node-addon-api@5.1.0/node_modules/node-addon-api": {
      "version": "5.1.0",
      "license": "MIT",
      "devDependencies": {
        "benchmark": "^2.1.4",
        "bindings": "^1.5.0",
        "clang-format": "^1.4.0",
        "eslint": "^7.32.0",
        "eslint-config-semistandard": "^16.0.0",
        "eslint-config-standard": "^16.0.3",
        "eslint-plugin-import": "^2.24.2",
        "eslint-plugin-node": "^11.1.0",
        "eslint-plugin-promise": "^5.1.0",
        "fs-extra": "^9.0.1",
        "path": "^0.12.7",
        "pre-commit": "^1.2.2",
        "safe-buffer": "^5.1.1"
      }
    },
    "../../node_modules/.pnpm/pkg-prebuilds@0.1.0/node_modules/pkg-prebuilds": {
      "version": "0.1.0",
      "license": "MIT",
      "dependencies": {
        "yargs": "^17.5.1"
      },
      "bin": {
        "pkg-prebuilds-copy": "bin/copy.mjs",
        "pkg-prebuilds-verify": "bin/verify.mjs"
      },
      "engines": {
        "node": ">= 14.15.0"
      }
    },
    "node_modules/cmake-js": {
      "resolved": "../../node_modules/.pnpm/cmake-js@7.1.1/node_modules/cmake-js",
      "link": true
    },
    "node_modules/crypto-random-string": {
      "version": "4.0.0",
      "resolved": "https://registry.npmjs.org/crypto-random-string/-/crypto-random-string-4.0.0.tgz",
      "integrity": "sha512-x8dy3RnvYdlUcPOjkEHqozhiwzKNSq7GcPuXFbnyMOCHxX8V3OgIg/pYuabl2sbUPfIJaeAQB7PMOK8DFIdoRA==",
      "dev": true,
      "dependencies": {
        "type-fest": "^1.0.1"
      },
      "engines": {
        "node": ">=12"
      },
      "funding": {
        "url": "https://github.com/sponsors/sindresorhus"
      }
    },
    "node_modules/crypto-random-string/node_modules/type-fest": {
      "version": "1.4.0",
      "resolved": "https://registry.npmjs.org/type-fest/-/type-fest-1.4.0.tgz",
      "integrity": "sha512-yGSza74xk0UG8k+pLh5oeoYirvIiWo5t0/o3zHHAO2tRDiZcxWP7fywNlXhqb6/r6sWvwi+RsyQMWhVLe4BVuA==",
      "dev": true,
      "engines": {
        "node": ">=10"
      },
      "funding": {
        "url": "https://github.com/sponsors/sindresorhus"
      }
    },
    "node_modules/is-stream": {
      "version": "3.0.0",
      "resolved": "https://registry.npmjs.org/is-stream/-/is-stream-3.0.0.tgz",
      "integrity": "sha512-LnQR4bZ9IADDRSkvpqMGvt/tEJWclzklNgSw48V5EAaAeDd6qGvN8ei6k5p0tvxSR171VmGyHuTiAOfxAbr8kA==",
      "dev": true,
      "engines": {
        "node": "^12.20.0 || ^14.13.1 || >=16.0.0"
      },
      "funding": {
        "url": "https://github.com/sponsors/sindresorhus"
      }
    },
    "node_modules/node-addon-api": {
      "resolved": "../../node_modules/.pnpm/node-addon-api@5.1.0/node_modules/node-addon-api",
      "link": true
    },
    "node_modules/pkg-prebuilds": {
      "resolved": "../../node_modules/.pnpm/pkg-prebuilds@0.1.0/node_modules/pkg-prebuilds",
      "link": true
    },
    "node_modules/temp-dir": {
      "version": "2.0.0",
      "resolved": "https://registry.npmjs.org/temp-dir/-/temp-dir-2.0.0.tgz",
      "integrity": "sha512-aoBAniQmmwtcKp/7BzsH8Cxzv8OL736p7v1ihGb5e9DJ9kTwGWHrQrVB5+lfVDzfGrdRzXch+ig7LHaY1JTOrg==",
      "dev": true,
      "engines": {
        "node": ">=8"
      }
    },
    "node_modules/tempy": {
      "version": "3.0.0",
      "resolved": "https://registry.npmjs.org/tempy/-/tempy-3.0.0.tgz",
      "integrity": "sha512-B2I9X7+o2wOaW4r/CWMkpOO9mdiTRCxXNgob6iGvPmfPWgH/KyUD6Uy5crtWBxIBe3YrNZKR2lSzv1JJKWD4vA==",
      "dev": true,
      "dependencies": {
        "is-stream": "^3.0.0",
        "temp-dir": "^2.0.0",
        "type-fest": "^2.12.2",
        "unique-string": "^3.0.0"
      },
      "engines": {
        "node": ">=14.16"
      },
      "funding": {
        "url": "https://github.com/sponsors/sindresorhus"
      }
    },
    "node_modules/type-fest": {
      "version": "2.19.0",
      "resolved": "https://registry.npmjs.org/type-fest/-/type-fest-2.19.0.tgz",
      "integrity": "sha512-RAH822pAdBgcNMAfWnCBU3CFZcfZ/i1eZjwFU/dsLKumyuuP3niueg2UAukXYF0E2AAoc82ZSSf9J0WQBinzHA==",
      "dev": true,
      "engines": {
        "node": ">=12.20"
      },
      "funding": {
        "url": "https://github.com/sponsors/sindresorhus"
      }
    },
    "node_modules/unique-string": {
      "version": "3.0.0",
      "resolved": "https://registry.npmjs.org/unique-string/-/unique-string-3.0.0.tgz",
      "integrity": "sha512-VGXBUVwxKMBUznyffQweQABPRRW1vHZAbadFZud4pLFAqRGvv/96vafgjWFqzourzr8YonlQiPgH0YCJfawoGQ==",
      "dev": true,
      "dependencies": {
        "crypto-random-string": "^4.0.0"
      },
      "engines": {
        "node": ">=12"
      },
      "funding": {
        "url": "https://github.com/sponsors/sindresorhus"
      }
    }
  }
}
